
Microsoft Visual Studio Solution File, Format Version 12.00
# Visual Studio Version 17
VisualStudioVersion = 17.7.34221.43
MinimumVisualStudioVersion = 10.0.40219.1
Project("{FAE04EC0-301F-11D3-BF4B-00C04F79EFBC}") = "baithuchanhthaycop", "baithuchanhthaycop\baithuchanhthaycop.csproj", "{7D8254BC-236D-4B9A-BC29-87E5EE7860F1}"
EndProject
Global
	GlobalSection(SolutionConfigurationPlatforms) = preSolution
		Debug|Any CPU = Debug|Any CPU
		Release|Any CPU = Release|Any CPU
	EndGlobalSection
	GlobalSection(ProjectConfigurationPlatforms) = postSolution
		{7D8254BC-236D-4B9A-BC29-87E5EE7860F1}.Debug|Any CPU.ActiveCfg = Debug|Any CPU
		{7D8254BC-236D-4B9A-BC29-87E5EE7860F1}.Debug|Any CPU.Build.0 = Debug|Any CPU
		{7D8254BC-236D-4B9A-BC29-87E5EE7860F1}.Release|Any CPU.ActiveCfg = Release|Any CPU
		{7D8254BC-236D-4B9A-BC29-87E5EE7860F1}.Release|Any CPU.Build.0 = Release|Any CPU
	EndGlobalSection
	GlobalSection(SolutionProperties) = preSolution
		HideSolutionNode = FALSE
	EndGlobalSection
	GlobalSection(ExtensibilityGlobals) = postSolution
		SolutionGuid = {966B5DDB-9B52-4BA2-8696-18D8A135CDB8}
	EndGlobalSection
EndGlobal
